# THIS IS AN AUTOGENERATED FILE. DO NOT EDIT THIS FILE DIRECTLY.
# yarn lockfile v1


changie@^1.14.0:
  version "1.16.0"
  resolved "https://registry.yarnpkg.com/changie/-/changie-1.16.0.tgz#3f8a7d21abf13b159e7bce6056bc30f1b28b7a96"
  integrity sha512-Ocaa0xAXVY+0FziIIZlI1XrLGoQe0NKWSCfGSohlhPNBWKraCnbLhVNqbzrCGesCyQOYbne2xyrUD69KFKxWCQ==
